// !$*UTF8*$!
{
	archiveVersion = 1;
	classes = {
	};
	objectVersion = 46;
	objects = {

/* Begin PBXBuildFile section */
		4622D4EB1CB96AEB0017096F /* Main.storyboard in Resources */ = {isa = PBXBuildFile; fileRef = 4622D4E91CB96AEB0017096F /* Main.storyboard */; };
		4622D4EE1CB96AEB0017096F /* Phim_24h.xcdatamodeld in Sources */ = {isa = PBXBuildFile; fileRef = 4622D4EC1CB96AEB0017096F /* Phim_24h.xcdatamodeld */; };
		4622D4F01CB96AEB0017096F /* Assets.xcassets in Resources */ = {isa = PBXBuildFile; fileRef = 4622D4EF1CB96AEB0017096F /* Assets.xcassets */; };
		4622D4F31CB96AEB0017096F /* LaunchScreen.storyboard in Resources */ = {isa = PBXBuildFile; fileRef = 4622D4F11CB96AEB0017096F /* LaunchScreen.storyboard */; };
		4622D4FE1CB96AEB0017096F /* Phim_24hTests.swift in Sources */ = {isa = PBXBuildFile; fileRef = 4622D4FD1CB96AEB0017096F /* Phim_24hTests.swift */; };
		4622D5091CB96AEB0017096F /* Phim_24hUITests.swift in Sources */ = {isa = PBXBuildFile; fileRef = 4622D5081CB96AEB0017096F /* Phim_24hUITests.swift */; };
		46A3E4AE1CC768D100C11747 /* FBSDKCoreKit.framework in Frameworks */ = {isa = PBXBuildFile; fileRef = 46A3E4AC1CC768D100C11747 /* FBSDKCoreKit.framework */; };
		46A3E4AF1CC768D100C11747 /* FBSDKLoginKit.framework in Frameworks */ = {isa = PBXBuildFile; fileRef = 46A3E4AD1CC768D100C11747 /* FBSDKLoginKit.framework */; };
		46C2FDBA1CBFE06D00493A79 /* Images.xcassets in Resources */ = {isa = PBXBuildFile; fileRef = 46C2FDB91CBFE06D00493A79 /* Images.xcassets */; };
		46F08F831CB96C8B001BF92F /* AppDelegate.swift in Sources */ = {isa = PBXBuildFile; fileRef = 46F08F7C1CB96C8B001BF92F /* AppDelegate.swift */; };
		46F08F841CB96C8B001BF92F /* common.swift in Sources */ = {isa = PBXBuildFile; fileRef = 46F08F7D1CB96C8B001BF92F /* common.swift */; };
		46F08F851CB96C8B001BF92F /* contentViewController.swift in Sources */ = {isa = PBXBuildFile; fileRef = 46F08F7E1CB96C8B001BF92F /* contentViewController.swift */; };
		46F08F861CB96C8B001BF92F /* functionJson.swift in Sources */ = {isa = PBXBuildFile; fileRef = 46F08F7F1CB96C8B001BF92F /* functionJson.swift */; };
		46F08F871CB96C8B001BF92F /* homeViewController.swift in Sources */ = {isa = PBXBuildFile; fileRef = 46F08F801CB96C8B001BF92F /* homeViewController.swift */; };
		46F08F881CB96C8B001BF92F /* masterViewController.swift in Sources */ = {isa = PBXBuildFile; fileRef = 46F08F811CB96C8B001BF92F /* masterViewController.swift */; };
		46F08F891CB96C8B001BF92F /* ViewController.swift in Sources */ = {isa = PBXBuildFile; fileRef = 46F08F821CB96C8B001BF92F /* ViewController.swift */; };
		46F08FAB1CB96CAF001BF92F /* anhdaidien.jpg in Resources */ = {isa = PBXBuildFile; fileRef = 46F08F8E1CB96CAF001BF92F /* anhdaidien.jpg */; };
		46F08FAC1CB96CAF001BF92F /* bg.png in Resources */ = {isa = PBXBuildFile; fileRef = 46F08F8F1CB96CAF001BF92F /* bg.png */; };
		46F08FAD1CB96CAF001BF92F /* bg_btn_notclick.png in Resources */ = {isa = PBXBuildFile; fileRef = 46F08F901CB96CAF001BF92F /* bg_btn_notclick.png */; };
		46F08FAE1CB96CAF001BF92F /* bg_btnClick.png in Resources */ = {isa = PBXBuildFile; fileRef = 46F08F911CB96CAF001BF92F /* bg_btnClick.png */; };
		46F08FAF1CB96CAF001BF92F /* bg_left.png in Resources */ = {isa = PBXBuildFile; fileRef = 46F08F921CB96CAF001BF92F /* bg_left.png */; };
		46F08FB01CB96CAF001BF92F /* bg_nav.png in Resources */ = {isa = PBXBuildFile; fileRef = 46F08F931CB96CAF001BF92F /* bg_nav.png */; };
		46F08FB11CB96CAF001BF92F /* button_back.png in Resources */ = {isa = PBXBuildFile; fileRef = 46F08F941CB96CAF001BF92F /* button_back.png */; };
		46F08FB21CB96CAF001BF92F /* button_search.png in Resources */ = {isa = PBXBuildFile; fileRef = 46F08F951CB96CAF001BF92F /* button_search.png */; };
		46F08FB31CB96CAF001BF92F /* button_search_H.png in Resources */ = {isa = PBXBuildFile; fileRef = 46F08F961CB96CAF001BF92F /* button_search_H.png */; };
		46F08FB41CB96CAF001BF92F /* button_sidebar.png in Resources */ = {isa = PBXBuildFile; fileRef = 46F08F971CB96CAF001BF92F /* button_sidebar.png */; };
		46F08FB51CB96CAF001BF92F /* button_sidebar_H.png in Resources */ = {isa = PBXBuildFile; fileRef = 46F08F981CB96CAF001BF92F /* button_sidebar_H.png */; };
		46F08FB61CB96CAF001BF92F /* close_menu.png in Resources */ = {isa = PBXBuildFile; fileRef = 46F08F991CB96CAF001BF92F /* close_menu.png */; };
		46F08FB71CB96CAF001BF92F /* Contents.json in Resources */ = {isa = PBXBuildFile; fileRef = 46F08F9A1CB96CAF001BF92F /* Contents.json */; };
		46F08FB81CB96CAF001BF92F /* Default@2x.png in Resources */ = {isa = PBXBuildFile; fileRef = 46F08F9B1CB96CAF001BF92F /* Default@2x.png */; };
		46F08FB91CB96CAF001BF92F /* divide.png in Resources */ = {isa = PBXBuildFile; fileRef = 46F08F9C1CB96CAF001BF92F /* divide.png */; };
		46F08FBA1CB96CAF001BF92F /* icon_Conment.png in Resources */ = {isa = PBXBuildFile; fileRef = 46F08F9D1CB96CAF001BF92F /* icon_Conment.png */; };
		46F08FBB1CB96CAF001BF92F /* icon_goiy.png in Resources */ = {isa = PBXBuildFile; fileRef = 46F08F9E1CB96CAF001BF92F /* icon_goiy.png */; };
		46F08FBC1CB96CAF001BF92F /* icon_play.png in Resources */ = {isa = PBXBuildFile; fileRef = 46F08F9F1CB96CAF001BF92F /* icon_play.png */; };
		46F08FBD1CB96CAF001BF92F /* icon_View.png in Resources */ = {isa = PBXBuildFile; fileRef = 46F08FA01CB96CAF001BF92F /* icon_View.png */; };
		46F08FBE1CB96CAF001BF92F /* like_click.png in Resources */ = {isa = PBXBuildFile; fileRef = 46F08FA11CB96CAF001BF92F /* like_click.png */; };
		46F08FBF1CB96CAF001BF92F /* like_ntClick.png in Resources */ = {isa = PBXBuildFile; fileRef = 46F08FA21CB96CAF001BF92F /* like_ntClick.png */; };
		46F08FC01CB96CAF001BF92F /* lines.png in Resources */ = {isa = PBXBuildFile; fileRef = 46F08FA31CB96CAF001BF92F /* lines.png */; };
		46F08FC11CB96CAF001BF92F /* logo.png in Resources */ = {isa = PBXBuildFile; fileRef = 46F08FA41CB96CAF001BF92F /* logo.png */; };
		46F08FC21CB96CAF001BF92F /* menu_back_copy.png in Resources */ = {isa = PBXBuildFile; fileRef = 46F08FA51CB96CAF001BF92F /* menu_back_copy.png */; };
		46F08FC31CB96CAF001BF92F /* poster.png in Resources */ = {isa = PBXBuildFile; fileRef = 46F08FA81CB96CAF001BF92F /* poster.png */; };
		46F08FCC1CB96D83001BF92F /* videosViewController.swift in Sources */ = {isa = PBXBuildFile; fileRef = 46F08FCB1CB96D83001BF92F /* videosViewController.swift */; };
/* End PBXBuildFile section */

/* Begin PBXContainerItemProxy section */
		4622D4FA1CB96AEB0017096F /* PBXContainerItemProxy */ = {
			isa = PBXContainerItemProxy;
			containerPortal = 4622D4DA1CB96AEB0017096F /* Project object */;
			proxyType = 1;
			remoteGlobalIDString = 4622D4E11CB96AEB0017096F;
			remoteInfo = "Phim 24h";
		};
		4622D5051CB96AEB0017096F /* PBXContainerItemProxy */ = {
			isa = PBXContainerItemProxy;
			containerPortal = 4622D4DA1CB96AEB0017096F /* Project object */;
			proxyType = 1;
			remoteGlobalIDString = 4622D4E11CB96AEB0017096F;
			remoteInfo = "Phim 24h";
		};
/* End PBXContainerItemProxy section */

/* Begin PBXFileReference section */
		4622D4E21CB96AEB0017096F /* Phim 24h.app */ = {isa = PBXFileReference; explicitFileType = wrapper.application; includeInIndex = 0; path = "Phim 24h.app"; sourceTree = BUILT_PRODUCTS_DIR; };
		4622D4EA1CB96AEB0017096F /* Base */ = {isa = PBXFileReference; lastKnownFileType = file.storyboard; name = Base; path = Base.lproj/Main.storyboard; sourceTree = "<group>"; };
		4622D4ED1CB96AEB0017096F /* Phim_24h.xcdatamodel */ = {isa = PBXFileReference; lastKnownFileType = wrapper.xcdatamodel; path = Phim_24h.xcdatamodel; sourceTree = "<group>"; };
		4622D4EF1CB96AEB0017096F /* Assets.xcassets */ = {isa = PBXFileReference; lastKnownFileType = folder.assetcatalog; path = Assets.xcassets; sourceTree = "<group>"; };
		4622D4F21CB96AEB0017096F /* Base */ = {isa = PBXFileReference; lastKnownFileType = file.storyboard; name = Base; path = Base.lproj/LaunchScreen.storyboard; sourceTree = "<group>"; };
		4622D4F41CB96AEB0017096F /* Info.plist */ = {isa = PBXFileReference; lastKnownFileType = text.plist.xml; path = Info.plist; sourceTree = "<group>"; };
		4622D4F91CB96AEB0017096F /* Phim 24hTests.xctest */ = {isa = PBXFileReference; explicitFileType = wrapper.cfbundle; includeInIndex = 0; path = "Phim 24hTests.xctest"; sourceTree = BUILT_PRODUCTS_DIR; };
		4622D4FD1CB96AEB0017096F /* Phim_24hTests.swift */ = {isa = PBXFileReference; lastKnownFileType = sourcecode.swift; path = Phim_24hTests.swift; sourceTree = "<group>"; };
		4622D4FF1CB96AEB0017096F /* Info.plist */ = {isa = PBXFileReference; lastKnownFileType = text.plist.xml; path = Info.plist; sourceTree = "<group>"; };
		4622D5041CB96AEB0017096F /* Phim 24hUITests.xctest */ = {isa = PBXFileReference; explicitFileType = wrapper.cfbundle; includeInIndex = 0; path = "Phim 24hUITests.xctest"; sourceTree = BUILT_PRODUCTS_DIR; };
		4622D5081CB96AEB0017096F /* Phim_24hUITests.swift */ = {isa = PBXFileReference; lastKnownFileType = sourcecode.swift; path = Phim_24hUITests.swift; sourceTree = "<group>"; };
		4622D50A1CB96AEB0017096F /* Info.plist */ = {isa = PBXFileReference; lastKnownFileType = text.plist.xml; path = Info.plist; sourceTree = "<group>"; };
		46A3E4AC1CC768D100C11747 /* FBSDKCoreKit.framework */ = {isa = PBXFileReference; lastKnownFileType = wrapper.framework; path = FBSDKCoreKit.framework; sourceTree = "<group>"; };
		46A3E4AD1CC768D100C11747 /* FBSDKLoginKit.framework */ = {isa = PBXFileReference; lastKnownFileType = wrapper.framework; path = FBSDKLoginKit.framework; sourceTree = "<group>"; };
		46C2FDB91CBFE06D00493A79 /* Images.xcassets */ = {isa = PBXFileReference; lastKnownFileType = folder.assetcatalog; path = Images.xcassets; sourceTree = "<group>"; };
		46F08F7C1CB96C8B001BF92F /* AppDelegate.swift */ = {isa = PBXFileReference; fileEncoding = 4; lastKnownFileType = sourcecode.swift; path = AppDelegate.swift; sourceTree = "<group>"; };
		46F08F7D1CB96C8B001BF92F /* common.swift */ = {isa = PBXFileReference; fileEncoding = 4; lastKnownFileType = sourcecode.swift; path = common.swift; sourceTree = "<group>"; };
		46F08F7E1CB96C8B001BF92F /* contentViewController.swift */ = {isa = PBXFileReference; fileEncoding = 4; lastKnownFileType = sourcecode.swift; path = contentViewController.swift; sourceTree = "<group>"; };
		46F08F7F1CB96C8B001BF92F /* functionJson.swift */ = {isa = PBXFileReference; fileEncoding = 4; lastKnownFileType = sourcecode.swift; path = functionJson.swift; sourceTree = "<group>"; };
		46F08F801CB96C8B001BF92F /* homeViewController.swift */ = {isa = PBXFileReference; fileEncoding = 4; lastKnownFileType = sourcecode.swift; path = homeViewController.swift; sourceTree = "<group>"; };
		46F08F811CB96C8B001BF92F /* masterViewController.swift */ = {isa = PBXFileReference; fileEncoding = 4; lastKnownFileType = sourcecode.swift; path = masterViewController.swift; sourceTree = "<group>"; };
		46F08F821CB96C8B001BF92F /* ViewController.swift */ = {isa = PBXFileReference; fileEncoding = 4; lastKnownFileType = sourcecode.swift; path = ViewController.swift; sourceTree = "<group>"; };
		46F08F8E1CB96CAF001BF92F /* anhdaidien.jpg */ = {isa = PBXFileReference; lastKnownFileType = image.jpeg; path = anhdaidien.jpg; sourceTree = "<group>"; };
		46F08F8F1CB96CAF001BF92F /* bg.png */ = {isa = PBXFileReference; lastKnownFileType = image.png; path = bg.png; sourceTree = "<group>"; };
		46F08F901CB96CAF001BF92F /* bg_btn_notclick.png */ = {isa = PBXFileReference; lastKnownFileType = image.png; path = bg_btn_notclick.png; sourceTree = "<group>"; };
		46F08F911CB96CAF001BF92F /* bg_btnClick.png */ = {isa = PBXFileReference; lastKnownFileType = image.png; path = bg_btnClick.png; sourceTree = "<group>"; };
		46F08F921CB96CAF001BF92F /* bg_left.png */ = {isa = PBXFileReference; lastKnownFileType = image.png; path = bg_left.png; sourceTree = "<group>"; };
		46F08F931CB96CAF001BF92F /* bg_nav.png */ = {isa = PBXFileReference; lastKnownFileType = image.png; path = bg_nav.png; sourceTree = "<group>"; };
		46F08F941CB96CAF001BF92F /* button_back.png */ = {isa = PBXFileReference; lastKnownFileType = image.png; path = button_back.png; sourceTree = "<group>"; };
		46F08F951CB96CAF001BF92F /* button_search.png */ = {isa = PBXFileReference; lastKnownFileType = image.png; path = button_search.png; sourceTree = "<group>"; };
		46F08F961CB96CAF001BF92F /* button_search_H.png */ = {isa = PBXFileReference; lastKnownFileType = image.png; path = button_search_H.png; sourceTree = "<group>"; };
		46F08F971CB96CAF001BF92F /* button_sidebar.png */ = {isa = PBXFileReference; lastKnownFileType = image.png; path = button_sidebar.png; sourceTree = "<group>"; };
		46F08F981CB96CAF001BF92F /* button_sidebar_H.png */ = {isa = PBXFileReference; lastKnownFileType = image.png; path = button_sidebar_H.png; sourceTree = "<group>"; };
		46F08F991CB96CAF001BF92F /* close_menu.png */ = {isa = PBXFileReference; lastKnownFileType = image.png; path = close_menu.png; sourceTree = "<group>"; };
		46F08F9A1CB96CAF001BF92F /* Contents.json */ = {isa = PBXFileReference; fileEncoding = 4; lastKnownFileType = text.json; path = Contents.json; sourceTree = "<group>"; };
		46F08F9B1CB96CAF001BF92F /* Default@2x.png */ = {isa = PBXFileReference; lastKnownFileType = image.png; path = "Default@2x.png"; sourceTree = "<group>"; };
		46F08F9C1CB96CAF001BF92F /* divide.png */ = {isa = PBXFileReference; lastKnownFileType = image.png; path = divide.png; sourceTree = "<group>"; };
		46F08F9D1CB96CAF001BF92F /* icon_Conment.png */ = {isa = PBXFileReference; lastKnownFileType = image.png; path = icon_Conment.png; sourceTree = "<group>"; };
		46F08F9E1CB96CAF001BF92F /* icon_goiy.png */ = {isa = PBXFileReference; lastKnownFileType = image.png; path = icon_goiy.png; sourceTree = "<group>"; };
		46F08F9F1CB96CAF001BF92F /* icon_play.png */ = {isa = PBXFileReference; lastKnownFileType = image.png; path = icon_play.png; sourceTree = "<group>"; };
		46F08FA01CB96CAF001BF92F /* icon_View.png */ = {isa = PBXFileReference; lastKnownFileType = image.png; path = icon_View.png; sourceTree = "<group>"; };
		46F08FA11CB96CAF001BF92F /* like_click.png */ = {isa = PBXFileReference; lastKnownFileType = image.png; path = like_click.png; sourceTree = "<group>"; };
		46F08FA21CB96CAF001BF92F /* like_ntClick.png */ = {isa = PBXFileReference; lastKnownFileType = image.png; path = like_ntClick.png; sourceTree = "<group>"; };
		46F08FA31CB96CAF001BF92F /* lines.png */ = {isa = PBXFileReference; lastKnownFileType = image.png; path = lines.png; sourceTree = "<group>"; };
		46F08FA41CB96CAF001BF92F /* logo.png */ = {isa = PBXFileReference; lastKnownFileType = image.png; path = logo.png; sourceTree = "<group>"; };
		46F08FA51CB96CAF001BF92F /* menu_back_copy.png */ = {isa = PBXFileReference; lastKnownFileType = image.png; path = menu_back_copy.png; sourceTree = "<group>"; };
		46F08FA61CB96CAF001BF92F /* module 23-45-05-626.modulemap */ = {isa = PBXFileReference; fileEncoding = 4; lastKnownFileType = "sourcecode.module-map"; path = "module 23-45-05-626.modulemap"; sourceTree = "<group>"; };
		46F08FA71CB96CAF001BF92F /* module.modulemap */ = {isa = PBXFileReference; fileEncoding = 4; lastKnownFileType = "sourcecode.module-map"; path = module.modulemap; sourceTree = "<group>"; };
		46F08FA81CB96CAF001BF92F /* poster.png */ = {isa = PBXFileReference; lastKnownFileType = image.png; path = poster.png; sourceTree = "<group>"; };
		46F08FC41CB96CDC001BF92F /* Phim 24h-Bridging-Header.h */ = {isa = PBXFileReference; lastKnownFileType = sourcecode.c.h; path = "Phim 24h-Bridging-Header.h"; sourceTree = "<group>"; };
		46F08FCB1CB96D83001BF92F /* videosViewController.swift */ = {isa = PBXFileReference; fileEncoding = 4; lastKnownFileType = sourcecode.swift; path = videosViewController.swift; sourceTree = "<group>"; };
/* End PBXFileReference section */

/* Begin PBXFrameworksBuildPhase section */
		4622D4DF1CB96AEB0017096F /* Frameworks */ = {
			isa = PBXFrameworksBuildPhase;
			buildActionMask = 2147483647;
			files = (
				46A3E4AF1CC768D100C11747 /* FBSDKLoginKit.framework in Frameworks */,
				46A3E4AE1CC768D100C11747 /* FBSDKCoreKit.framework in Frameworks */,
			);
			runOnlyForDeploymentPostprocessing = 0;
		};
		4622D4F61CB96AEB0017096F /* Frameworks */ = {
			isa = PBXFrameworksBuildPhase;
			buildActionMask = 2147483647;
			files = (
			);
			runOnlyForDeploymentPostprocessing = 0;
		};
		4622D5011CB96AEB0017096F /* Frameworks */ = {
			isa = PBXFrameworksBuildPhase;
			buildActionMask = 2147483647;
			files = (
			);
			runOnlyForDeploymentPostprocessing = 0;
		};
/* End PBXFrameworksBuildPhase section */

/* Begin PBXGroup section */
		4622D4D91CB96AEB0017096F = {
			isa = PBXGroup;
			children = (
				4622D4E41CB96AEB0017096F /* Phim 24h */,
				4622D4FC1CB96AEB0017096F /* Phim 24hTests */,
				4622D5071CB96AEB0017096F /* Phim 24hUITests */,
				4622D4E31CB96AEB0017096F /* Products */,
			);
			sourceTree = "<group>";
		};
		4622D4E31CB96AEB0017096F /* Products */ = {
			isa = PBXGroup;
			children = (
				4622D4E21CB96AEB0017096F /* Phim 24h.app */,
				4622D4F91CB96AEB0017096F /* Phim 24hTests.xctest */,
				4622D5041CB96AEB0017096F /* Phim 24hUITests.xctest */,
			);
			name = Products;
			sourceTree = "<group>";
		};
		4622D4E41CB96AEB0017096F /* Phim 24h */ = {
			isa = PBXGroup;
			children = (
				46FDA6781CB970CC00A68BB4 /* framework */,
				46F08F8D1CB96CAF001BF92F /* image */,
				46F08F7B1CB96C8B001BF92F /* source */,
				4622D4E91CB96AEB0017096F /* Main.storyboard */,
				4622D4EF1CB96AEB0017096F /* Assets.xcassets */,
				4622D4F11CB96AEB0017096F /* LaunchScreen.storyboard */,
				4622D4F41CB96AEB0017096F /* Info.plist */,
				4622D4EC1CB96AEB0017096F /* Phim_24h.xcdatamodeld */,
				46F08FC41CB96CDC001BF92F /* Phim 24h-Bridging-Header.h */,
				46C2FDB91CBFE06D00493A79 /* Images.xcassets */,
			);
			path = "Phim 24h";
			sourceTree = "<group>";
		};
		4622D4FC1CB96AEB0017096F /* Phim 24hTests */ = {
			isa = PBXGroup;
			children = (
				4622D4FD1CB96AEB0017096F /* Phim_24hTests.swift */,
				4622D4FF1CB96AEB0017096F /* Info.plist */,
			);
			path = "Phim 24hTests";
			sourceTree = "<group>";
		};
		4622D5071CB96AEB0017096F /* Phim 24hUITests */ = {
			isa = PBXGroup;
			children = (
				4622D5081CB96AEB0017096F /* Phim_24hUITests.swift */,
				4622D50A1CB96AEB0017096F /* Info.plist */,
			);
			path = "Phim 24hUITests";
			sourceTree = "<group>";
		};
		46F08F7B1CB96C8B001BF92F /* source */ = {
			isa = PBXGroup;
			children = (
				46F08F7C1CB96C8B001BF92F /* AppDelegate.swift */,
				46F08F811CB96C8B001BF92F /* masterViewController.swift */,
				46F08F801CB96C8B001BF92F /* homeViewController.swift */,
				46F08F7E1CB96C8B001BF92F /* contentViewController.swift */,
				46F08FCB1CB96D83001BF92F /* videosViewController.swift */,
				46F08F7D1CB96C8B001BF92F /* common.swift */,
				46F08F7F1CB96C8B001BF92F /* functionJson.swift */,
				46F08F821CB96C8B001BF92F /* ViewController.swift */,
			);
			path = source;
			sourceTree = "<group>";
		};
		46F08F8D1CB96CAF001BF92F /* image */ = {
			isa = PBXGroup;
			children = (
				46F08F8E1CB96CAF001BF92F /* anhdaidien.jpg */,
				46F08F8F1CB96CAF001BF92F /* bg.png */,
				46F08F901CB96CAF001BF92F /* bg_btn_notclick.png */,
				46F08F911CB96CAF001BF92F /* bg_btnClick.png */,
				46F08F921CB96CAF001BF92F /* bg_left.png */,
				46F08F931CB96CAF001BF92F /* bg_nav.png */,
				46F08F941CB96CAF001BF92F /* button_back.png */,
				46F08F951CB96CAF001BF92F /* button_search.png */,
				46F08F961CB96CAF001BF92F /* button_search_H.png */,
				46F08F971CB96CAF001BF92F /* button_sidebar.png */,
				46F08F981CB96CAF001BF92F /* button_sidebar_H.png */,
				46F08F991CB96CAF001BF92F /* close_menu.png */,
				46F08F9A1CB96CAF001BF92F /* Contents.json */,
				46F08F9B1CB96CAF001BF92F /* Default@2x.png */,
				46F08F9C1CB96CAF001BF92F /* divide.png */,
				46F08F9D1CB96CAF001BF92F /* icon_Conment.png */,
				46F08F9E1CB96CAF001BF92F /* icon_goiy.png */,
				46F08F9F1CB96CAF001BF92F /* icon_play.png */,
				46F08FA01CB96CAF001BF92F /* icon_View.png */,
				46F08FA11CB96CAF001BF92F /* like_click.png */,
				46F08FA21CB96CAF001BF92F /* like_ntClick.png */,
				46F08FA31CB96CAF001BF92F /* lines.png */,
				46F08FA41CB96CAF001BF92F /* logo.png */,
				46F08FA51CB96CAF001BF92F /* menu_back_copy.png */,
				46F08FA61CB96CAF001BF92F /* module 23-45-05-626.modulemap */,
				46F08FA71CB96CAF001BF92F /* module.modulemap */,
				46F08FA81CB96CAF001BF92F /* poster.png */,
			);
			path = image;
			sourceTree = "<group>";
		};
		46FDA6781CB970CC00A68BB4 /* framework */ = {
			isa = PBXGroup;
			children = (
				46A3E4AC1CC768D100C11747 /* FBSDKCoreKit.framework */,
				46A3E4AD1CC768D100C11747 /* FBSDKLoginKit.framework */,
			);
			path = framework;
			sourceTree = "<group>";
		};
/* End PBXGroup section */

/* Begin PBXNativeTarget section */
		4622D4E11CB96AEB0017096F /* Phim 24h */ = {
			isa = PBXNativeTarget;
			buildConfigurationList = 4622D50D1CB96AEB0017096F /* Build configuration list for PBXNativeTarget "Phim 24h" */;
			buildPhases = (
				4622D4DE1CB96AEB0017096F /* Sources */,
				4622D4DF1CB96AEB0017096F /* Frameworks */,
				4622D4E01CB96AEB0017096F /* Resources */,
			);
			buildRules = (
			);
			dependencies = (
			);
			name = "Phim 24h";
			productName = "Phim 24h";
			productReference = 4622D4E21CB96AEB0017096F /* Phim 24h.app */;
			productType = "com.apple.product-type.application";
		};
		4622D4F81CB96AEB0017096F /* Phim 24hTests */ = {
			isa = PBXNativeTarget;
			buildConfigurationList = 4622D5101CB96AEB0017096F /* Build configuration list for PBXNativeTarget "Phim 24hTests" */;
			buildPhases = (
				4622D4F51CB96AEB0017096F /* Sources */,
				4622D4F61CB96AEB0017096F /* Frameworks */,
				4622D4F71CB96AEB0017096F /* Resources */,
			);
			buildRules = (
			);
			dependencies = (
				4622D4FB1CB96AEB0017096F /* PBXTargetDependency */,
			);
			name = "Phim 24hTests";
			productName = "Phim 24hTests";
			productReference = 4622D4F91CB96AEB0017096F /* Phim 24hTests.xctest */;
			productType = "com.apple.product-type.bundle.unit-test";
		};
		4622D5031CB96AEB0017096F /* Phim 24hUITests */ = {
			isa = PBXNativeTarget;
			buildConfigurationList = 4622D5131CB96AEB0017096F /* Build configuration list for PBXNativeTarget "Phim 24hUITests" */;
			buildPhases = (
				4622D5001CB96AEB0017096F /* Sources */,
				4622D5011CB96AEB0017096F /* Frameworks */,
				4622D5021CB96AEB0017096F /* Resources */,
			);
			buildRules = (
			);
			dependencies = (
				4622D5061CB96AEB0017096F /* PBXTargetDependency */,
			);
			name = "Phim 24hUITests";
			productName = "Phim 24hUITests";
			productReference = 4622D5041CB96AEB0017096F /* Phim 24hUITests.xctest */;
			productType = "com.apple.product-type.bundle.ui-testing";
		};
/* End PBXNativeTarget section */

/* Begin PBXProject section */
		4622D4DA1CB96AEB0017096F /* Project object */ = {
			isa = PBXProject;
			attributes = {
				LastSwiftUpdateCheck = 0730;
				LastUpgradeCheck = 0730;
				ORGANIZATIONNAME = Com.QuangKhuongDuy.Phim24h;
				TargetAttributes = {
					4622D4E11CB96AEB0017096F = {
						CreatedOnToolsVersion = 7.3;
						DevelopmentTeam = KPXN694N6Z;
					};
					4622D4F81CB96AEB0017096F = {
						CreatedOnToolsVersion = 7.3;
						DevelopmentTeam = KPXN694N6Z;
						TestTargetID = 4622D4E11CB96AEB0017096F;
					};
					4622D5031CB96AEB0017096F = {
						CreatedOnToolsVersion = 7.3;
						DevelopmentTeam = KPXN694N6Z;
						TestTargetID = 4622D4E11CB96AEB0017096F;
					};
				};
			};
			buildConfigurationList = 4622D4DD1CB96AEB0017096F /* Build configuration list for PBXProject "Phim 24h" */;
			compatibilityVersion = "Xcode 3.2";
			developmentRegion = English;
			hasScannedForEncodings = 0;
			knownRegions = (
				en,
				Base,
			);
			mainGroup = 4622D4D91CB96AEB0017096F;
			productRefGroup = 4622D4E31CB96AEB0017096F /* Products */;
			projectDirPath = "";
			projectRoot = "";
			targets = (
				4622D4E11CB96AEB0017096F /* Phim 24h */,
				4622D4F81CB96AEB0017096F /* Phim 24hTests */,
				4622D5031CB96AEB0017096F /* Phim 24hUITests */,
			);
		};
/* End PBXProject section */

/* Begin PBXResourcesBuildPhase section */
		4622D4E01CB96AEB0017096F /* Resources */ = {
			isa = PBXResourcesBuildPhase;
			buildActionMask = 2147483647;
			files = (
				46F08FC11CB96CAF001BF92F /* logo.png in Resources */,
				46F08FB01CB96CAF001BF92F /* bg_nav.png in Resources */,
				46F08FBE1CB96CAF001BF92F /* like_click.png in Resources */,
				46F08FB51CB96CAF001BF92F /* button_sidebar_H.png in Resources */,
				46F08FAC1CB96CAF001BF92F /* bg.png in Resources */,
				46F08FB71CB96CAF001BF92F /* Contents.json in Resources */,
				46F08FAF1CB96CAF001BF92F /* bg_left.png in Resources */,
				46F08FAE1CB96CAF001BF92F /* bg_btnClick.png in Resources */,
				46F08FBF1CB96CAF001BF92F /* like_ntClick.png in Resources */,
				4622D4F31CB96AEB0017096F /* LaunchScreen.storyboard in Resources */,
				46F08FBD1CB96CAF001BF92F /* icon_View.png in Resources */,
				4622D4F01CB96AEB0017096F /* Assets.xcassets in Resources */,
				46F08FB61CB96CAF001BF92F /* close_menu.png in Resources */,
				46F08FB81CB96CAF001BF92F /* Default@2x.png in Resources */,
				46F08FC21CB96CAF001BF92F /* menu_back_copy.png in Resources */,
				46F08FB31CB96CAF001BF92F /* button_search_H.png in Resources */,
				46F08FAB1CB96CAF001BF92F /* anhdaidien.jpg in Resources */,
				46F08FBB1CB96CAF001BF92F /* icon_goiy.png in Resources */,
				46F08FBA1CB96CAF001BF92F /* icon_Conment.png in Resources */,
				46F08FAD1CB96CAF001BF92F /* bg_btn_notclick.png in Resources */,
				46F08FB11CB96CAF001BF92F /* button_back.png in Resources */,
				46F08FB91CB96CAF001BF92F /* divide.png in Resources */,
				46F08FC31CB96CAF001BF92F /* poster.png in Resources */,
				46F08FB41CB96CAF001BF92F /* button_sidebar.png in Resources */,
				46F08FB21CB96CAF001BF92F /* button_search.png in Resources */,
				46F08FC01CB96CAF001BF92F /* lines.png in Resources */,
				46C2FDBA1CBFE06D00493A79 /* Images.xcassets in Resources */,
				4622D4EB1CB96AEB0017096F /* Main.storyboard in Resources */,
				46F08FBC1CB96CAF001BF92F /* icon_play.png in Resources */,
			);
			runOnlyForDeploymentPostprocessing = 0;
		};
		4622D4F71CB96AEB0017096F /* Resources */ = {
			isa = PBXResourcesBuildPhase;
			buildActionMask = 2147483647;
			files = (
			);
			runOnlyForDeploymentPostprocessing = 0;
		};
		4622D5021CB96AEB0017096F /* Resources */ = {
			isa = PBXResourcesBuildPhase;
			buildActionMask = 2147483647;
			files = (
			);
			runOnlyForDeploymentPostprocessing = 0;
		};
/* End PBXResourcesBuildPhase section */

/* Begin PBXSourcesBuildPhase section */
		4622D4DE1CB96AEB0017096F /* Sources */ = {
			isa = PBXSourcesBuildPhase;
			buildActionMask = 2147483647;
			files = (
				46F08F891CB96C8B001BF92F /* ViewController.swift in Sources */,
				46F08F881CB96C8B001BF92F /* masterViewController.swift in Sources */,
				46F08F861CB96C8B001BF92F /* functionJson.swift in Sources */,
				46F08F851CB96C8B001BF92F /* contentViewController.swift in Sources */,
				46F08FCC1CB96D83001BF92F /* videosViewController.swift in Sources */,
				46F08F831CB96C8B001BF92F /* AppDelegate.swift in Sources */,
				46F08F871CB96C8B001BF92F /* homeViewController.swift in Sources */,
				4622D4EE1CB96AEB0017096F /* Phim_24h.xcdatamodeld in Sources */,
				46F08F841CB96C8B001BF92F /* common.swift in Sources */,
			);
			runOnlyForDeploymentPostprocessing = 0;
		};
		4622D4F51CB96AEB0017096F /* Sources */ = {
			isa = PBXSourcesBuildPhase;
			buildActionMask = 2147483647;
			files = (
				4622D4FE1CB96AEB0017096F /* Phim_24hTests.swift in Sources */,
			);
			runOnlyForDeploymentPostprocessing = 0;
		};
		4622D5001CB96AEB0017096F /* Sources */ = {
			isa = PBXSourcesBuildPhase;
			buildActionMask = 2147483647;
			files = (
				4622D5091CB96AEB0017096F /* Phim_24hUITests.swift in Sources */,
			);
			runOnlyForDeploymentPostprocessing = 0;
		};
/* End PBXSourcesBuildPhase section */

/* Begin PBXTargetDependency section */
		4622D4FB1CB96AEB0017096F /* PBXTargetDependency */ = {
			isa = PBXTargetDependency;
			target = 4622D4E11CB96AEB0017096F /* Phim 24h */;
			targetProxy = 4622D4FA1CB96AEB0017096F /* PBXContainerItemProxy */;
		};
		4622D5061CB96AEB0017096F /* PBXTargetDependency */ = {
			isa = PBXTargetDependency;
			target = 4622D4E11CB96AEB0017096F /* Phim 24h */;
			targetProxy = 4622D5051CB96AEB0017096F /* PBXContainerItemProxy */;
		};
/* End PBXTargetDependency section */

/* Begin PBXVariantGroup section */
		4622D4E91CB96AEB0017096F /* Main.storyboard */ = {
			isa = PBXVariantGroup;
			children = (
				4622D4EA1CB96AEB0017096F /* Base */,
			);
			name = Main.storyboard;
			sourceTree = "<group>";
		};
		4622D4F11CB96AEB0017096F /* LaunchScreen.storyboard */ = {
			isa = PBXVariantGroup;
			children = (
				4622D4F21CB96AEB0017096F /* Base */,
			);
			name = LaunchScreen.storyboard;
			sourceTree = "<group>";
		};
/* End PBXVariantGroup section */

/* Begin XCBuildConfiguration section */
		4622D50B1CB96AEB0017096F /* Debug */ = {
			isa = XCBuildConfiguration;
			buildSettings = {
				ALWAYS_SEARCH_USER_PATHS = NO;
				CLANG_ANALYZER_NONNULL = YES;
				CLANG_CXX_LANGUAGE_STANDARD = "gnu++0x";
				CLANG_CXX_LIBRARY = "libc++";
				CLANG_ENABLE_MODULES = YES;
				CLANG_ENABLE_OBJC_ARC = YES;
				CLANG_WARN_BOOL_CONVERSION = YES;
				CLANG_WARN_CONSTANT_CONVERSION = YES;
				CLANG_WARN_DIRECT_OBJC_ISA_USAGE = YES_ERROR;
				CLANG_WARN_EMPTY_BODY = YES;
				CLANG_WARN_ENUM_CONVERSION = YES;
				CLANG_WARN_INT_CONVERSION = YES;
				CLANG_WARN_OBJC_ROOT_CLASS = YES_ERROR;
				CLANG_WARN_UNREACHABLE_CODE = YES;
				CLANG_WARN__DUPLICATE_METHOD_MATCH = YES;
				"CODE_SIGN_IDENTITY[sdk=iphoneos*]" = "iPhone Developer";
				COPY_PHASE_STRIP = NO;
				DEBUG_INFORMATION_FORMAT = dwarf;
				ENABLE_STRICT_OBJC_MSGSEND = YES;
				ENABLE_TESTABILITY = YES;
				GCC_C_LANGUAGE_STANDARD = gnu99;
				GCC_DYNAMIC_NO_PIC = NO;
				GCC_NO_COMMON_BLOCKS = YES;
				GCC_OPTIMIZATION_LEVEL = 0;
				GCC_PREPROCESSOR_DEFINITIONS = (
					"DEBUG=1",
					"$(inherited)",
				);
				GCC_WARN_64_TO_32_BIT_CONVERSION = YES;
				GCC_WARN_ABOUT_RETURN_TYPE = YES_ERROR;
				GCC_WARN_UNDECLARED_SELECTOR = YES;
				GCC_WARN_UNINITIALIZED_AUTOS = YES_AGGRESSIVE;
				GCC_WARN_UNUSED_FUNCTION = YES;
				GCC_WARN_UNUSED_VARIABLE = YES;
				IPHONEOS_DEPLOYMENT_TARGET = 9.3;
				MTL_ENABLE_DEBUG_INFO = YES;
				ONLY_ACTIVE_ARCH = YES;
				SDKROOT = iphoneos;
				SWIFT_OPTIMIZATION_LEVEL = "-Onone";
			};
			name = Debug;
		};
		4622D50C1CB96AEB0017096F /* Release */ = {
			isa = XCBuildConfiguration;
			buildSettings = {
				ALWAYS_SEARCH_USER_PATHS = NO;
				CLANG_ANALYZER_NONNULL = YES;
				CLANG_CXX_LANGUAGE_STANDARD = "gnu++0x";
				CLANG_CXX_LIBRARY = "libc++";
				CLANG_ENABLE_MODULES = YES;
				CLANG_ENABLE_OBJC_ARC = YES;
				CLANG_WARN_BOOL_CONVERSION = YES;
				CLANG_WARN_CONSTANT_CONVERSION = YES;
				CLANG_WARN_DIRECT_OBJC_ISA_USAGE = YES_ERROR;
				CLANG_WARN_EMPTY_BODY = YES;
				CLANG_WARN_ENUM_CONVERSION = YES;
				CLANG_WARN_INT_CONVERSION = YES;
				CLANG_WARN_OBJC_ROOT_CLASS = YES_ERROR;
				CLANG_WARN_UNREACHABLE_CODE = YES;
				CLANG_WARN__DUPLICATE_METHOD_MATCH = YES;
				"CODE_SIGN_IDENTITY[sdk=iphoneos*]" = "iPhone Developer";
				COPY_PHASE_STRIP = NO;
				DEBUG_INFORMATION_FORMAT = "dwarf-with-dsym";
				ENABLE_NS_ASSERTIONS = NO;
				ENABLE_STRICT_OBJC_MSGSEND = YES;
				GCC_C_LANGUAGE_STANDARD = gnu99;
				GCC_NO_COMMON_BLOCKS = YES;
				GCC_WARN_64_TO_32_BIT_CONVERSION = YES;
				GCC_WARN_ABOUT_RETURN_TYPE = YES_ERROR;
				GCC_WARN_UNDECLARED_SELECTOR = YES;
				GCC_WARN_UNINITIALIZED_AUTOS = YES_AGGRESSIVE;
				GCC_WARN_UNUSED_FUNCTION = YES;
				GCC_WARN_UNUSED_VARIABLE = YES;
				IPHONEOS_DEPLOYMENT_TARGET = 9.3;
				MTL_ENABLE_DEBUG_INFO = NO;
				SDKROOT = iphoneos;
				VALIDATE_PRODUCT = YES;
			};
			name = Release;
		};
		4622D50E1CB96AEB0017096F /* Debug */ = {
			isa = XCBuildConfiguration;
			buildSettings = {
				ASSETCATALOG_COMPILER_APPICON_NAME = "AppIcon-1";
				ASSETCATALOG_COMPILER_LAUNCHIMAGE_NAME = "Brand Assets";
				CLANG_ENABLE_MODULES = YES;
				FRAMEWORK_SEARCH_PATHS = (
					"$(inherited)",
					"$(PROJECT_DIR)/Phim",
					24h/framework,
					"$(PROJECT_DIR)/Phim",
					24h/framework,
					"$(PROJECT_DIR)/Phim",
					24h/framework,
					"$(PROJECT_DIR)/Phim",
					24h/framework,
					"$(PROJECT_DIR)/Phim",
					24h/framework,
					"$(PROJECT_DIR)/Phim",
					24h/framework,
					"$(PROJECT_DIR)/Phim",
					24h/framework,
					"$(PROJECT_DIR)/Phim",
					24h/framework,
					"$(PROJECT_DIR)/Phim",
					24h/framework,
					"$(PROJECT_DIR)/Phim",
					24h/framework,
					"$(PROJECT_DIR)/Phim",
					24h/framework,
					"$(PROJECT_DIR)/Phim",
					24h/framework,
				);
				INFOPLIST_FILE = "Phim 24h/Info.plist";
				LD_RUNPATH_SEARCH_PATHS = "$(inherited) @executable_path/Frameworks";
				PRODUCT_BUNDLE_IDENTIFIER = "Com.QuangKhuongDuy.Phim24h.Phim-24h";
				PRODUCT_NAME = "$(TARGET_NAME)";
				SWIFT_OBJC_BRIDGING_HEADER = "Phim 24h/Phim 24h-Bridging-Header.h";
				SWIFT_OPTIMIZATION_LEVEL = "-Onone";
			};
			name = Debug;
		};
		4622D50F1CB96AEB0017096F /* Release */ = {
			isa = XCBuildConfiguration;
			buildSettings = {
				ASSETCATALOG_COMPILER_APPICON_NAME = "AppIcon-1";
				ASSETCATALOG_COMPILER_LAUNCHIMAGE_NAME = "Brand Assets";
				CLANG_ENABLE_MODULES = YES;
				FRAMEWORK_SEARCH_PATHS = (
					"$(inherited)",
					"$(PROJECT_DIR)/Phim",
					24h/framework,
					"$(PROJECT_DIR)/Phim",
					24h/framework,
					"$(PROJECT_DIR)/Phim",
					24h/framework,
					"$(PROJECT_DIR)/Phim",
					24h/framework,
					"$(PROJECT_DIR)/Phim",
					24h/framework,
					"$(PROJECT_DIR)/Phim",
					24h/framework,
					"$(PROJECT_DIR)/Phim",
					24h/framework,
					"$(PROJECT_DIR)/Phim",
					24h/framework,
					"$(PROJECT_DIR)/Phim",
					24h/framework,
					"$(PROJECT_DIR)/Phim",
					24h/framework,
					"$(PROJECT_DIR)/Phim",
					24h/framework,
					"$(PROJECT_DIR)/Phim",
					24h/framework,
				);
				INFOPLIST_FILE = "Phim 24h/Info.plist";
				LD_RUNPATH_SEARCH_PATHS = "$(inherited) @executable_path/Frameworks";
				PRODUCT_BUNDLE_IDENTIFIER = "Com.QuangKhuongDuy.Phim24h.Phim-24h";
				PRODUCT_NAME = "$(TARGET_NAME)";
				SWIFT_OBJC_BRIDGING_HEADER = "Phim 24h/Phim 24h-Bridging-Header.h";
			};
			name = Release;
		};
		4622D5111CB96AEB0017096F /* Debug */ = {
			isa = XCBuildConfiguration;
			buildSettings = {
				BUNDLE_LOADER = "$(TEST_HOST)";
				FRAMEWORK_SEARCH_PATHS = (
					"$(inherited)",
					"$(PROJECT_DIR)/Phim",
					24h/framework,
				);
				INFOPLIST_FILE = "Phim 24hTests/Info.plist";
				LD_RUNPATH_SEARCH_PATHS = "$(inherited) @executable_path/Frameworks @loader_path/Frameworks";
				PRODUCT_BUNDLE_IDENTIFIER = "Com.QuangKhuongDuy.Phim24h.Phim-24hTests";
				PRODUCT_NAME = "$(TARGET_NAME)";
				TEST_HOST = "$(BUILT_PRODUCTS_DIR)/Phim 24h.app/Phim 24h";
			};
			name = Debug;
		};
		4622D5121CB96AEB0017096F /* Release */ = {
			isa = XCBuildConfiguration;
			buildSettings = {
				BUNDLE_LOADER = "$(TEST_HOST)";
				FRAMEWORK_SEARCH_PATHS = (
					"$(inherited)",
					"$(PROJECT_DIR)/Phim",
					24h/framework,
				);
				INFOPLIST_FILE = "Phim 24hTests/Info.plist";
				LD_RUNPATH_SEARCH_PATHS = "$(inherited) @executable_path/Frameworks @loader_path/Frameworks";
				PRODUCT_BUNDLE_IDENTIFIER = "Com.QuangKhuongDuy.Phim24h.Phim-24hTests";
				PRODUCT_NAME = "$(TARGET_NAME)";
				TEST_HOST = "$(BUILT_PRODUCTS_DIR)/Phim 24h.app/Phim 24h";
			};
			name = Release;
		};
		4622D5141CB96AEB0017096F /* Debug */ = {
			isa = XCBuildConfiguration;
			buildSettings = {
				FRAMEWORK_SEARCH_PATHS = (
					"$(inherited)",
					"$(PROJECT_DIR)/Phim",
					24h/framework,
				);
				INFOPLIST_FILE = "Phim 24hUITests/Info.plist";
				LD_RUNPATH_SEARCH_PATHS = "$(inherited) @executable_path/Frameworks @loader_path/Frameworks";
				PRODUCT_BUNDLE_IDENTIFIER = "Com.QuangKhuongDuy.Phim24h.Phim-24hUITests";
				PRODUCT_NAME = "$(TARGET_NAME)";
				TEST_TARGET_NAME = "Phim 24h";
			};
			name = Debug;
		};
		4622D5151CB96AEB0017096F /* Release */ = {
			isa = XCBuildConfiguration;
			buildSettings = {
				FRAMEWORK_SEARCH_PATHS = (
					"$(inherited)",
					"$(PROJECT_DIR)/Phim",
					24h/framework,
				);
				INFOPLIST_FILE = "Phim 24hUITests/Info.plist";
				LD_RUNPATH_SEARCH_PATHS = "$(inherited) @executable_path/Frameworks @loader_path/Frameworks";
				PRODUCT_BUNDLE_IDENTIFIER = "Com.QuangKhuongDuy.Phim24h.Phim-24hUITests";
				PRODUCT_NAME = "$(TARGET_NAME)";
				TEST_TARGET_NAME = "Phim 24h";
			};
			name = Release;
		};
/* End XCBuildConfiguration section */

/* Begin XCConfigurationList section */
		4622D4DD1CB96AEB0017096F /* Build configuration list for PBXProject "Phim 24h" */ = {
			isa = XCConfigurationList;
			buildConfigurations = (
				4622D50B1CB96AEB0017096F /* Debug */,
				4622D50C1CB96AEB0017096F /* Release */,
			);
			defaultConfigurationIsVisible = 0;
			defaultConfigurationName = Release;
		};
		4622D50D1CB96AEB0017096F /* Build configuration list for PBXNativeTarget "Phim 24h" */ = {
			isa = XCConfigurationList;
			buildConfigurations = (
				4622D50E1CB96AEB0017096F /* Debug */,
				4622D50F1CB96AEB0017096F /* Release */,
			);
			defaultConfigurationIsVisible = 0;
			defaultConfigurationName = Release;
		};
		4622D5101CB96AEB0017096F /* Build configuration list for PBXNativeTarget "Phim 24hTests" */ = {
			isa = XCConfigurationList;
			buildConfigurations = (
				4622D5111CB96AEB0017096F /* Debug */,
				4622D5121CB96AEB0017096F /* Release */,
			);
			defaultConfigurationIsVisible = 0;
			defaultConfigurationName = Release;
		};
		4622D5131CB96AEB0017096F /* Build configuration list for PBXNativeTarget "Phim 24hUITests" */ = {
			isa = XCConfigurationList;
			buildConfigurations = (
				4622D5141CB96AEB0017096F /* Debug */,
				4622D5151CB96AEB0017096F /* Release */,
			);
			defaultConfigurationIsVisible = 0;
			defaultConfigurationName = Release;
		};
/* End XCConfigurationList section */

/* Begin XCVersionGroup section */
		4622D4EC1CB96AEB0017096F /* Phim_24h.xcdatamodeld */ = {
			isa = XCVersionGroup;
			children = (
				4622D4ED1CB96AEB0017096F /* Phim_24h.xcdatamodel */,
			);
			currentVersion = 4622D4ED1CB96AEB0017096F /* Phim_24h.xcdatamodel */;
			path = Phim_24h.xcdatamodeld;
			sourceTree = "<group>";
			versionGroupType = wrapper.xcdatamodel;
		};
/* End XCVersionGroup section */
	};
	rootObject = 4622D4DA1CB96AEB0017096F /* Project object */;
}
